
Microsoft Visual Studio Solution File, Format Version 12.00
# Visual Studio 2012
Project("{FAE04EC0-301F-11D3-BF4B-00C04F79EFBC}") = "Student_Management_System", "Student_Management_System\Student_Management_System.csproj", "{2421EA9B-73D1-4AD1-8C00-9A3289075A6D}"
EndProject
Global
	GlobalSection(SolutionConfigurationPlatforms) = preSolution
		Debug|Any CPU = Debug|Any CPU
		Release|Any CPU = Release|Any CPU
	EndGlobalSection
	GlobalSection(ProjectConfigurationPlatforms) = postSolution
		{2421EA9B-73D1-4AD1-8C00-9A3289075A6D}.Debug|Any CPU.ActiveCfg = Debug|Any CPU
		{2421EA9B-73D1-4AD1-8C00-9A3289075A6D}.Debug|Any CPU.Build.0 = Debug|Any CPU
		{2421EA9B-73D1-4AD1-8C00-9A3289075A6D}.Release|Any CPU.ActiveCfg = Release|Any CPU
		{2421EA9B-73D1-4AD1-8C00-9A3289075A6D}.Release|Any CPU.Build.0 = Release|Any CPU
	EndGlobalSection
	GlobalSection(SolutionProperties) = preSolution
		HideSolutionNode = FALSE
	EndGlobalSection
EndGlobal
